
Microsoft Visual Studio Solution File, Format Version 12.00
# Visual Studio Version 17
VisualStudioVersion = 17.11.35208.52
MinimumVisualStudioVersion = 10.0.40219.1
Project("{FAE04EC0-301F-11D3-BF4B-00C04F79EFBC}") = "library", "library\library.csproj", "{923C1E09-85BA-4478-882D-27C3E3A4B9C7}"
EndProject
Global
	GlobalSection(SolutionConfigurationPlatforms) = preSolution
		Debug|Any CPU = Debug|Any CPU
		Release|Any CPU = Release|Any CPU
	EndGlobalSection
	GlobalSection(ProjectConfigurationPlatforms) = postSolution
		{923C1E09-85BA-4478-882D-27C3E3A4B9C7}.Debug|Any CPU.ActiveCfg = Debug|Any CPU
		{923C1E09-85BA-4478-882D-27C3E3A4B9C7}.Debug|Any CPU.Build.0 = Debug|Any CPU
		{923C1E09-85BA-4478-882D-27C3E3A4B9C7}.Release|Any CPU.ActiveCfg = Release|Any CPU
		{923C1E09-85BA-4478-882D-27C3E3A4B9C7}.Release|Any CPU.Build.0 = Release|Any CPU
	EndGlobalSection
	GlobalSection(SolutionProperties) = preSolution
		HideSolutionNode = FALSE
	EndGlobalSection
	GlobalSection(ExtensibilityGlobals) = postSolution
		SolutionGuid = {DD745711-D8BD-4D24-A970-49EBFEE946B2}
	EndGlobalSection
EndGlobal
